# This file is autogenerated, do not edit; changes may be undone by the next 'dep ensure'.


[[projects]]
  name = "gocv.io/x/gocv"
  packages = ["."]
  revision = "db20428799339d78526356473b0f5f00dccf075b"
  version = "v0.3.1"

[solve-meta]
  analyzer-name = "dep"
  analyzer-version = 1
  inputs-digest = "4f5d744cb7f6ae2b584257fa5d77a507e53734ff77cffea3f258937834f5db74"
  solver-name = "gps-cdcl"
  solver-version = 1
