# This file is autogenerated, do not edit; changes may be undone by the next 'dep ensure'.


[[projects]]
  name = "github.com/nats-io/go-nats"
  packages = ["encoders/builtin","util"]
  revision = "29f9728a183bf3fa7e809e14edac00b33be72088"
  version = "v1.3.0"

[[projects]]
  name = "github.com/nats-io/nats"
  packages = ["."]
  revision = "29f9728a183bf3fa7e809e14edac00b33be72088"
  version = "v1.3.0"

[[projects]]
  name = "github.com/nats-io/nuid"
  packages = ["."]
  revision = "289cccf02c178dc782430d534e3c1f5b72af807f"
  version = "v1.0.0"

[[projects]]
  branch = "master"
  name = "github.com/nicholasjackson/drone-messages"
  packages = ["."]
  revision = "99269504ab144c87702af6ddcc6aac130a8ff52e"

[[projects]]
  name = "gocv.io/x/gocv"
  packages = ["."]
  revision = "3737e10369fc4adabd2f528dad475f8c1ab1824b"
  version = "v0.5.0"

[solve-meta]
  analyzer-name = "dep"
  analyzer-version = 1
  inputs-digest = "06d4df040daafc7946253336fbda28049b6af3c6f8a1f4fb1fecf1650a8ad07b"
  solver-name = "gps-cdcl"
  solver-version = 1
